
Microsoft Visual Studio Solution File, Format Version 12.00
# Visual Studio Version 16
VisualStudioVersion = 16.0.31321.278
MinimumVisualStudioVersion = 10.0.40219.1
Project("{FAE04EC0-301F-11D3-BF4B-00C04F79EFBC}") = "GenuOlwethuRevixAPI", "GenuOlwethuRevixAPI\GenuOlwethuRevixAPI.csproj", "{82136585-CC8A-4363-8091-0B2B2816AEB7}"
EndProject
Global
	GlobalSection(SolutionConfigurationPlatforms) = preSolution
		Debug|Any CPU = Debug|Any CPU
		Release|Any CPU = Release|Any CPU
	EndGlobalSection
	GlobalSection(ProjectConfigurationPlatforms) = postSolution
		{82136585-CC8A-4363-8091-0B2B2816AEB7}.Debug|Any CPU.ActiveCfg = Debug|Any CPU
		{82136585-CC8A-4363-8091-0B2B2816AEB7}.Debug|Any CPU.Build.0 = Debug|Any CPU
		{82136585-CC8A-4363-8091-0B2B2816AEB7}.Release|Any CPU.ActiveCfg = Release|Any CPU
		{82136585-CC8A-4363-8091-0B2B2816AEB7}.Release|Any CPU.Build.0 = Release|Any CPU
	EndGlobalSection
	GlobalSection(SolutionProperties) = preSolution
		HideSolutionNode = FALSE
	EndGlobalSection
	GlobalSection(ExtensibilityGlobals) = postSolution
		SolutionGuid = {4D7BFC6C-1894-4A23-AF28-EFD6CBA0DCF3}
	EndGlobalSection
EndGlobal
